PODS:
  - Flutter (1.0.0)
  - share (0.0.1):
    - Flutter
  - shared_preferences (0.0.1):
    - Flutter
  - url_launcher (0.0.1):
    - Flutter

DEPENDENCIES:
  - Flutter (from `/Users/jbarr/sample-projects/flutter/bin/cache/artifacts/engine/ios`)
  - share (from `/Users/jbarr/.pub-cache/hosted/pub.dartlang.org/share-0.2.1/ios`)
  - shared_preferences (from `/Users/jbarr/.pub-cache/hosted/pub.dartlang.org/shared_preferences-0.2.0+1/ios`)
  - url_launcher (from `/Users/jbarr/.pub-cache/hosted/pub.dartlang.org/url_launcher-0.4.2+1/ios`)

EXTERNAL SOURCES:
  Flutter:
    :path: /Users/jbarr/sample-projects/flutter/bin/cache/artifacts/engine/ios
  share:
    :path: /Users/jbarr/.pub-cache/hosted/pub.dartlang.org/share-0.2.1/ios
  shared_preferences:
    :path: /Users/jbarr/.pub-cache/hosted/pub.dartlang.org/shared_preferences-0.2.0+1/ios
  url_launcher:
    :path: /Users/jbarr/.pub-cache/hosted/pub.dartlang.org/url_launcher-0.4.2+1/ios

SPEC CHECKSUMS:
  Flutter: d674e78c937094a75ac71dd77e921e840bea3dbf
  share: ee3d34d3969ad17fc3043eab552e4f082aacfed1
  shared_preferences: 1feebfa37bb57264736e16865e7ffae7fc99b523
  url_launcher: 0067ddb8f10d36786672aa0722a21717dba3a298

PODFILE CHECKSUM: cc70c01bca487bebd110b87397f017f3b76a89f1

COCOAPODS: 1.2.1
